// !$*UTF8*$!
{
	archiveVersion = 1;
	classes = {
	};
	objectVersion = 51;
	objects = {

/* Begin PBXBuildFile section */
		620074E2256E213B001214EB /* loading.json in Resources */ = {isa = PBXBuildFile; fileRef = 620074E1256E213B001214EB /* loading.json */; };
		621FD847256A862F000CDFAE /* mealVC.swift in Sources */ = {isa = PBXBuildFile; fileRef = 621FD846256A862F000CDFAE /* mealVC.swift */; };
		627F6DE0256D1A07003D11E5 /* firstcell.swift in Sources */ = {isa = PBXBuildFile; fileRef = 627F6DDF256D1A07003D11E5 /* firstcell.swift */; };
		627F6DE4256D21E8003D11E5 /* cell.swift in Sources */ = {isa = PBXBuildFile; fileRef = 627F6DE3256D21E8003D11E5 /* cell.swift */; };
		6296DB352642BDF0007CF4FF /* MainVC.swift in Sources */ = {isa = PBXBuildFile; fileRef = 6296DB342642BDF0007CF4FF /* MainVC.swift */; };
		62BE849F25695D9600E5422F /* AppDelegate.swift in Sources */ = {isa = PBXBuildFile; fileRef = 62BE849E25695D9600E5422F /* AppDelegate.swift */; };
		62BE84A125695D9600E5422F /* SceneDelegate.swift in Sources */ = {isa = PBXBuildFile; fileRef = 62BE84A025695D9600E5422F /* SceneDelegate.swift */; };
		62BE84A625695D9600E5422F /* Main.storyboard in Resources */ = {isa = PBXBuildFile; fileRef = 62BE84A425695D9600E5422F /* Main.storyboard */; };
		62BE84A925695D9600E5422F /* schoolmeal.xcdatamodeld in Sources */ = {isa = PBXBuildFile; fileRef = 62BE84A725695D9600E5422F /* schoolmeal.xcdatamodeld */; };
		62BE84AB25695D9600E5422F /* Assets.xcassets in Resources */ = {isa = PBXBuildFile; fileRef = 62BE84AA25695D9600E5422F /* Assets.xcassets */; };
		62BE84AE25695D9600E5422F /* LaunchScreen.storyboard in Resources */ = {isa = PBXBuildFile; fileRef = 62BE84AC25695D9600E5422F /* LaunchScreen.storyboard */; };
		7D49641AD3C602BA9516B501 /* Pods_schoolmeal.framework in Frameworks */ = {isa = PBXBuildFile; fileRef = 9857E905E4145D0D22C0263E /* Pods_schoolmeal.framework */; };
/* End PBXBuildFile section */

/* Begin PBXFileReference section */
		1736C74E79209D7F89D9571B /* Pods-schoolmeal.debug.xcconfig */ = {isa = PBXFileReference; includeInIndex = 1; lastKnownFileType = text.xcconfig; name = "Pods-schoolmeal.debug.xcconfig"; path = "Target Support Files/Pods-schoolmeal/Pods-schoolmeal.debug.xcconfig"; sourceTree = "<group>"; };
		620074E1256E213B001214EB /* loading.json */ = {isa = PBXFileReference; fileEncoding = 4; lastKnownFileType = text.json; path = loading.json; sourceTree = "<group>"; };
		621FD846256A862F000CDFAE /* mealVC.swift */ = {isa = PBXFileReference; lastKnownFileType = sourcecode.swift; path = mealVC.swift; sourceTree = "<group>"; };
		627F6DDF256D1A07003D11E5 /* firstcell.swift */ = {isa = PBXFileReference; lastKnownFileType = sourcecode.swift; path = firstcell.swift; sourceTree = "<group>"; };
		627F6DE3256D21E8003D11E5 /* cell.swift */ = {isa = PBXFileReference; lastKnownFileType = sourcecode.swift; path = cell.swift; sourceTree = "<group>"; };
		6296DB342642BDF0007CF4FF /* MainVC.swift */ = {isa = PBXFileReference; lastKnownFileType = sourcecode.swift; path = MainVC.swift; sourceTree = "<group>"; };
		62BE849B25695D9600E5422F /* schoolmeal.app */ = {isa = PBXFileReference; explicitFileType = wrapper.application; includeInIndex = 0; path = schoolmeal.app; sourceTree = BUILT_PRODUCTS_DIR; };
		62BE849E25695D9600E5422F /* AppDelegate.swift */ = {isa = PBXFileReference; lastKnownFileType = sourcecode.swift; path = AppDelegate.swift; sourceTree = "<group>"; };
		62BE84A025695D9600E5422F /* SceneDelegate.swift */ = {isa = PBXFileReference; lastKnownFileType = sourcecode.swift; path = SceneDelegate.swift; sourceTree = "<group>"; };
		62BE84A525695D9600E5422F /* Base */ = {isa = PBXFileReference; lastKnownFileType = file.storyboard; name = Base; path = Base.lproj/Main.storyboard; sourceTree = "<group>"; };
		62BE84A825695D9600E5422F /* schoolmeal.xcdatamodel */ = {isa = PBXFileReference; lastKnownFileType = wrapper.xcdatamodel; path = schoolmeal.xcdatamodel; sourceTree = "<group>"; };
		62BE84AA25695D9600E5422F /* Assets.xcassets */ = {isa = PBXFileReference; lastKnownFileType = folder.assetcatalog; path = Assets.xcassets; sourceTree = "<group>"; };
		62BE84AD25695D9600E5422F /* Base */ = {isa = PBXFileReference; lastKnownFileType = file.storyboard; name = Base; path = Base.lproj/LaunchScreen.storyboard; sourceTree = "<group>"; };
		62BE84AF25695D9600E5422F /* Info.plist */ = {isa = PBXFileReference; lastKnownFileType = text.plist.xml; path = Info.plist; sourceTree = "<group>"; };
		6B45D09A408FCDB029BD26D1 /* Pods-schoolmeal.release.xcconfig */ = {isa = PBXFileReference; includeInIndex = 1; lastKnownFileType = text.xcconfig; name = "Pods-schoolmeal.release.xcconfig"; path = "Target Support Files/Pods-schoolmeal/Pods-schoolmeal.release.xcconfig"; sourceTree = "<group>"; };
		9857E905E4145D0D22C0263E /* Pods_schoolmeal.framework */ = {isa = PBXFileReference; explicitFileType = wrapper.framework; includeInIndex = 0; path = Pods_schoolmeal.framework; sourceTree = BUILT_PRODUCTS_DIR; };
/* End PBXFileReference section */

/* Begin PBXFrameworksBuildPhase section */
		62BE849825695D9600E5422F /* Frameworks */ = {
			isa = PBXFrameworksBuildPhase;
			buildActionMask = 2147483647;
			files = (
				7D49641AD3C602BA9516B501 /* Pods_schoolmeal.framework in Frameworks */,
			);
			runOnlyForDeploymentPostprocessing = 0;
		};
/* End PBXFrameworksBuildPhase section */

/* Begin PBXGroup section */
		12DB484C1825EEAABC7CC62A /* Frameworks */ = {
			isa = PBXGroup;
			children = (
				9857E905E4145D0D22C0263E /* Pods_schoolmeal.framework */,
			);
			name = Frameworks;
			sourceTree = "<group>";
		};
		3F2E14DFA66C5221B9CA26D6 /* Pods */ = {
			isa = PBXGroup;
			children = (
				1736C74E79209D7F89D9571B /* Pods-schoolmeal.debug.xcconfig */,
				6B45D09A408FCDB029BD26D1 /* Pods-schoolmeal.release.xcconfig */,
			);
			path = Pods;
			sourceTree = "<group>";
		};
		620074E0256E210F001214EB /* Lottie */ = {
			isa = PBXGroup;
			children = (
			);
			path = Lottie;
			sourceTree = "<group>";
		};
		627F6DDE256D19E0003D11E5 /* cells */ = {
			isa = PBXGroup;
			children = (
				627F6DDF256D1A07003D11E5 /* firstcell.swift */,
				627F6DE3256D21E8003D11E5 /* cell.swift */,
			);
			path = cells;
			sourceTree = "<group>";
		};
		62BDE0C425AD2AF30045ACAD /* model */ = {
			isa = PBXGroup;
			children = (
			);
			path = model;
			sourceTree = "<group>";
		};
		62BE849225695D9600E5422F = {
			isa = PBXGroup;
			children = (
				62BE849D25695D9600E5422F /* schoolmeal */,
				62BE849C25695D9600E5422F /* Products */,
				3F2E14DFA66C5221B9CA26D6 /* Pods */,
				12DB484C1825EEAABC7CC62A /* Frameworks */,
			);
			sourceTree = "<group>";
		};
		62BE849C25695D9600E5422F /* Products */ = {
			isa = PBXGroup;
			children = (
				62BE849B25695D9600E5422F /* schoolmeal.app */,
			);
			name = Products;
			sourceTree = "<group>";
		};
		62BE849D25695D9600E5422F /* schoolmeal */ = {
			isa = PBXGroup;
			children = (
				62BDE0C425AD2AF30045ACAD /* model */,
				620074E1256E213B001214EB /* loading.json */,
				620074E0256E210F001214EB /* Lottie */,
				627F6DDE256D19E0003D11E5 /* cells */,
				62BE849E25695D9600E5422F /* AppDelegate.swift */,
				62BE84A025695D9600E5422F /* SceneDelegate.swift */,
				6296DB342642BDF0007CF4FF /* MainVC.swift */,
				621FD846256A862F000CDFAE /* mealVC.swift */,
				62BE84A425695D9600E5422F /* Main.storyboard */,
				62BE84AA25695D9600E5422F /* Assets.xcassets */,
				62BE84AC25695D9600E5422F /* LaunchScreen.storyboard */,
				62BE84AF25695D9600E5422F /* Info.plist */,
				62BE84A725695D9600E5422F /* schoolmeal.xcdatamodeld */,
			);
			path = schoolmeal;
			sourceTree = "<group>";
		};
/* End PBXGroup section */

/* Begin PBXNativeTarget section */
		62BE849A25695D9600E5422F /* schoolmeal */ = {
			isa = PBXNativeTarget;
			buildConfigurationList = 62BE84B225695D9600E5422F /* Build configuration list for PBXNativeTarget "schoolmeal" */;
			buildPhases = (
				CF2D7F9A876CBE9274B4DB09 /* [CP] Check Pods Manifest.lock */,
				62BE849725695D9600E5422F /* Sources */,
				62BE849825695D9600E5422F /* Frameworks */,
				62BE849925695D9600E5422F /* Resources */,
				AB66D96E0589A5DF1983A21D /* [CP] Embed Pods Frameworks */,
			);
			buildRules = (
			);
			dependencies = (
			);
			name = schoolmeal;
			productName = schoolmeal;
			productReference = 62BE849B25695D9600E5422F /* schoolmeal.app */;
			productType = "com.apple.product-type.application";
		};
/* End PBXNativeTarget section */

/* Begin PBXProject section */
		62BE849325695D9600E5422F /* Project object */ = {
			isa = PBXProject;
			attributes = {
				LastSwiftUpdateCheck = 1220;
				LastUpgradeCheck = 1220;
				TargetAttributes = {
					62BE849A25695D9600E5422F = {
						CreatedOnToolsVersion = 12.2;
					};
				};
			};
			buildConfigurationList = 62BE849625695D9600E5422F /* Build configuration list for PBXProject "schoolmeal" */;
			compatibilityVersion = "Xcode 9.3";
			developmentRegion = en;
			hasScannedForEncodings = 0;
			knownRegions = (
				en,
				Base,
			);
			mainGroup = 62BE849225695D9600E5422F;
			productRefGroup = 62BE849C25695D9600E5422F /* Products */;
			projectDirPath = "";
			projectRoot = "";
			targets = (
				62BE849A25695D9600E5422F /* schoolmeal */,
			);
		};
/* End PBXProject section */

/* Begin PBXResourcesBuildPhase section */
		62BE849925695D9600E5422F /* Resources */ = {
			isa = PBXResourcesBuildPhase;
			buildActionMask = 2147483647;
			files = (
				62BE84AE25695D9600E5422F /* LaunchScreen.storyboard in Resources */,
				620074E2256E213B001214EB /* loading.json in Resources */,
				62BE84AB25695D9600E5422F /* Assets.xcassets in Resources */,
				62BE84A625695D9600E5422F /* Main.storyboard in Resources */,
			);
			runOnlyForDeploymentPostprocessing = 0;
		};
/* End PBXResourcesBuildPhase section */

/* Begin PBXShellScriptBuildPhase section */
		AB66D96E0589A5DF1983A21D /* [CP] Embed Pods Frameworks */ = {
			isa = PBXShellScriptBuildPhase;
			buildActionMask = 2147483647;
			files = (
			);
			inputFileListPaths = (
				"${PODS_ROOT}/Target Support Files/Pods-schoolmeal/Pods-schoolmeal-frameworks-${CONFIGURATION}-input-files.xcfilelist",
			);
			name = "[CP] Embed Pods Frameworks";
			outputFileListPaths = (
				"${PODS_ROOT}/Target Support Files/Pods-schoolmeal/Pods-schoolmeal-frameworks-${CONFIGURATION}-output-files.xcfilelist",
			);
			runOnlyForDeploymentPostprocessing = 0;
			shellPath = /bin/sh;
			shellScript = "\"${PODS_ROOT}/Target Support Files/Pods-schoolmeal/Pods-schoolmeal-frameworks.sh\"\n";
			showEnvVarsInLog = 0;
		};
		CF2D7F9A876CBE9274B4DB09 /* [CP] Check Pods Manifest.lock */ = {
			isa = PBXShellScriptBuildPhase;
			buildActionMask = 2147483647;
			files = (
			);
			inputFileListPaths = (
			);
			inputPaths = (
				"${PODS_PODFILE_DIR_PATH}/Podfile.lock",
				"${PODS_ROOT}/Manifest.lock",
			);
			name = "[CP] Check Pods Manifest.lock";
			outputFileListPaths = (
			);
			outputPaths = (
				"$(DERIVED_FILE_DIR)/Pods-schoolmeal-checkManifestLockResult.txt",
			);
			runOnlyForDeploymentPostprocessing = 0;
			shellPath = /bin/sh;
			shellScript = "diff \"${PODS_PODFILE_DIR_PATH}/Podfile.lock\" \"${PODS_ROOT}/Manifest.lock\" > /dev/null\nif [ $? != 0 ] ; then\n    # print error to STDERR\n    echo \"error: The sandbox is not in sync with the Podfile.lock. Run 'pod install' or update your CocoaPods installation.\" >&2\n    exit 1\nfi\n# This output is used by Xcode 'outputs' to avoid re-running this script phase.\necho \"SUCCESS\" > \"${SCRIPT_OUTPUT_FILE_0}\"\n";
			showEnvVarsInLog = 0;
		};
/* End PBXShellScriptBuildPhase section */

/* Begin PBXSourcesBuildPhase section */
		62BE849725695D9600E5422F /* Sources */ = {
			isa = PBXSourcesBuildPhase;
			buildActionMask = 2147483647;
			files = (
				627F6DE0256D1A07003D11E5 /* firstcell.swift in Sources */,
				621FD847256A862F000CDFAE /* mealVC.swift in Sources */,
				62BE849F25695D9600E5422F /* AppDelegate.swift in Sources */,
				62BE84A925695D9600E5422F /* schoolmeal.xcdatamodeld in Sources */,
				627F6DE4256D21E8003D11E5 /* cell.swift in Sources */,
				62BE84A125695D9600E5422F /* SceneDelegate.swift in Sources */,
				6296DB352642BDF0007CF4FF /* MainVC.swift in Sources */,
			);
			runOnlyForDeploymentPostprocessing = 0;
		};
/* End PBXSourcesBuildPhase section */

/* Begin PBXVariantGroup section */
		62BE84A425695D9600E5422F /* Main.storyboard */ = {
			isa = PBXVariantGroup;
			children = (
				62BE84A525695D9600E5422F /* Base */,
			);
			name = Main.storyboard;
			sourceTree = "<group>";
		};
		62BE84AC25695D9600E5422F /* LaunchScreen.storyboard */ = {
			isa = PBXVariantGroup;
			children = (
				62BE84AD25695D9600E5422F /* Base */,
			);
			name = LaunchScreen.storyboard;
			sourceTree = "<group>";
		};
/* End PBXVariantGroup section */

/* Begin XCBuildConfiguration section */
		62BE84B025695D9600E5422F /* Debug */ = {
			isa = XCBuildConfiguration;
			buildSettings = {
				ALWAYS_SEARCH_USER_PATHS = NO;
				CLANG_ANALYZER_NONNULL = YES;
				CLANG_ANALYZER_NUMBER_OBJECT_CONVERSION = YES_AGGRESSIVE;
				CLANG_CXX_LANGUAGE_STANDARD = "gnu++14";
				CLANG_CXX_LIBRARY = "libc++";
				CLANG_ENABLE_MODULES = YES;
				CLANG_ENABLE_OBJC_ARC = YES;
				CLANG_ENABLE_OBJC_WEAK = YES;
				CLANG_WARN_BLOCK_CAPTURE_AUTORELEASING = YES;
				CLANG_WARN_BOOL_CONVERSION = YES;
				CLANG_WARN_COMMA = YES;
				CLANG_WARN_CONSTANT_CONVERSION = YES;
				CLANG_WARN_DEPRECATED_OBJC_IMPLEMENTATIONS = YES;
				CLANG_WARN_DIRECT_OBJC_ISA_USAGE = YES_ERROR;
				CLANG_WARN_DOCUMENTATION_COMMENTS = YES;
				CLANG_WARN_EMPTY_BODY = YES;
				CLANG_WARN_ENUM_CONVERSION = YES;
				CLANG_WARN_INFINITE_RECURSION = YES;
				CLANG_WARN_INT_CONVERSION = YES;
				CLANG_WARN_NON_LITERAL_NULL_CONVERSION = YES;
				CLANG_WARN_OBJC_IMPLICIT_RETAIN_SELF = YES;
				CLANG_WARN_OBJC_LITERAL_CONVERSION = YES;
				CLANG_WARN_OBJC_ROOT_CLASS = YES_ERROR;
				CLANG_WARN_QUOTED_INCLUDE_IN_FRAMEWORK_HEADER = YES;
				CLANG_WARN_RANGE_LOOP_ANALYSIS = YES;
				CLANG_WARN_STRICT_PROTOTYPES = YES;
				CLANG_WARN_SUSPICIOUS_MOVE = YES;
				CLANG_WARN_UNGUARDED_AVAILABILITY = YES_AGGRESSIVE;
				CLANG_WARN_UNREACHABLE_CODE = YES;
				CLANG_WARN__DUPLICATE_METHOD_MATCH = YES;
				COPY_PHASE_STRIP = NO;
				DEBUG_INFORMATION_FORMAT = dwarf;
				ENABLE_STRICT_OBJC_MSGSEND = YES;
				ENABLE_TESTABILITY = YES;
				GCC_C_LANGUAGE_STANDARD = gnu11;
				GCC_DYNAMIC_NO_PIC = NO;
				GCC_NO_COMMON_BLOCKS = YES;
				GCC_OPTIMIZATION_LEVEL = 0;
				GCC_PREPROCESSOR_DEFINITIONS = (
					"DEBUG=1",
					"$(inherited)",
				);
				GCC_WARN_64_TO_32_BIT_CONVERSION = YES;
				GCC_WARN_ABOUT_RETURN_TYPE = YES_ERROR;
				GCC_WARN_UNDECLARED_SELECTOR = YES;
				GCC_WARN_UNINITIALIZED_AUTOS = YES_AGGRESSIVE;
				GCC_WARN_UNUSED_FUNCTION = YES;
				GCC_WARN_UNUSED_VARIABLE = YES;
				IPHONEOS_DEPLOYMENT_TARGET = 14.0;
				MTL_ENABLE_DEBUG_INFO = INCLUDE_SOURCE;
				MTL_FAST_MATH = YES;
				ONLY_ACTIVE_ARCH = YES;
				SDKROOT = iphoneos;
				SWIFT_ACTIVE_COMPILATION_CONDITIONS = DEBUG;
				SWIFT_OPTIMIZATION_LEVEL = "-Onone";
			};
			name = Debug;
		};
		62BE84B125695D9600E5422F /* Release */ = {
			isa = XCBuildConfiguration;
			buildSettings = {
				ALWAYS_SEARCH_USER_PATHS = NO;
				CLANG_ANALYZER_NONNULL = YES;
				CLANG_ANALYZER_NUMBER_OBJECT_CONVERSION = YES_AGGRESSIVE;
				CLANG_CXX_LANGUAGE_STANDARD = "gnu++14";
				CLANG_CXX_LIBRARY = "libc++";
				CLANG_ENABLE_MODULES = YES;
				CLANG_ENABLE_OBJC_ARC = YES;
				CLANG_ENABLE_OBJC_WEAK = YES;
				CLANG_WARN_BLOCK_CAPTURE_AUTORELEASING = YES;
				CLANG_WARN_BOOL_CONVERSION = YES;
				CLANG_WARN_COMMA = YES;
				CLANG_WARN_CONSTANT_CONVERSION = YES;
				CLANG_WARN_DEPRECATED_OBJC_IMPLEMENTATIONS = YES;
				CLANG_WARN_DIRECT_OBJC_ISA_USAGE = YES_ERROR;
				CLANG_WARN_DOCUMENTATION_COMMENTS = YES;
				CLANG_WARN_EMPTY_BODY = YES;
				CLANG_WARN_ENUM_CONVERSION = YES;
				CLANG_WARN_INFINITE_RECURSION = YES;
				CLANG_WARN_INT_CONVERSION = YES;
				CLANG_WARN_NON_LITERAL_NULL_CONVERSION = YES;
				CLANG_WARN_OBJC_IMPLICIT_RETAIN_SELF = YES;
				CLANG_WARN_OBJC_LITERAL_CONVERSION = YES;
				CLANG_WARN_OBJC_ROOT_CLASS = YES_ERROR;
				CLANG_WARN_QUOTED_INCLUDE_IN_FRAMEWORK_HEADER = YES;
				CLANG_WARN_RANGE_LOOP_ANALYSIS = YES;
				CLANG_WARN_STRICT_PROTOTYPES = YES;
				CLANG_WARN_SUSPICIOUS_MOVE = YES;
				CLANG_WARN_UNGUARDED_AVAILABILITY = YES_AGGRESSIVE;
				CLANG_WARN_UNREACHABLE_CODE = YES;
				CLANG_WARN__DUPLICATE_METHOD_MATCH = YES;
				COPY_PHASE_STRIP = NO;
				DEBUG_INFORMATION_FORMAT = "dwarf-with-dsym";
				ENABLE_NS_ASSERTIONS = NO;
				ENABLE_STRICT_OBJC_MSGSEND = YES;
				GCC_C_LANGUAGE_STANDARD = gnu11;
				GCC_NO_COMMON_BLOCKS = YES;
				GCC_WARN_64_TO_32_BIT_CONVERSION = YES;
				GCC_WARN_ABOUT_RETURN_TYPE = YES_ERROR;
				GCC_WARN_UNDECLARED_SELECTOR = YES;
				GCC_WARN_UNINITIALIZED_AUTOS = YES_AGGRESSIVE;
				GCC_WARN_UNUSED_FUNCTION = YES;
				GCC_WARN_UNUSED_VARIABLE = YES;
				IPHONEOS_DEPLOYMENT_TARGET = 14.0;
				MTL_ENABLE_DEBUG_INFO = NO;
				MTL_FAST_MATH = YES;
				SDKROOT = iphoneos;
				SWIFT_COMPILATION_MODE = wholemodule;
				SWIFT_OPTIMIZATION_LEVEL = "-O";
				VALIDATE_PRODUCT = YES;
			};
			name = Release;
		};
		62BE84B325695D9600E5422F /* Debug */ = {
			isa = XCBuildConfiguration;
			baseConfigurationReference = 1736C74E79209D7F89D9571B /* Pods-schoolmeal.debug.xcconfig */;
			buildSettings = {
				ASSETCATALOG_COMPILER_APPICON_NAME = AppIcon;
				ASSETCATALOG_COMPILER_GLOBAL_ACCENT_COLOR_NAME = AccentColor;
				CODE_SIGN_IDENTITY = "Apple Development";
				CODE_SIGN_STYLE = Automatic;
				CURRENT_PROJECT_VERSION = 10;
				DEVELOPMENT_TEAM = CFS8WAKW2R;
				INFOPLIST_FILE = schoolmeal/Info.plist;
				IPHONEOS_DEPLOYMENT_TARGET = 14.0;
				LD_RUNPATH_SEARCH_PATHS = (
					"$(inherited)",
					"@executable_path/Frameworks",
				);
				MARKETING_VERSION = 1.2;
				PRODUCT_BUNDLE_IDENTIFIER = kr.hs.dgsw.babjom.app;
				PRODUCT_NAME = "$(TARGET_NAME)";
				PROVISIONING_PROFILE_SPECIFIER = "";
				SWIFT_VERSION = 5.0;
				TARGETED_DEVICE_FAMILY = "1,2";
			};
			name = Debug;
		};
		62BE84B425695D9600E5422F /* Release */ = {
			isa = XCBuildConfiguration;
			baseConfigurationReference = 6B45D09A408FCDB029BD26D1 /* Pods-schoolmeal.release.xcconfig */;
			buildSettings = {
				ASSETCATALOG_COMPILER_APPICON_NAME = AppIcon;
				ASSETCATALOG_COMPILER_GLOBAL_ACCENT_COLOR_NAME = AccentColor;
				CODE_SIGN_IDENTITY = "Apple Development";
				CODE_SIGN_STYLE = Automatic;
				CURRENT_PROJECT_VERSION = 10;
				DEVELOPMENT_TEAM = CFS8WAKW2R;
				INFOPLIST_FILE = schoolmeal/Info.plist;
				IPHONEOS_DEPLOYMENT_TARGET = 14.0;
				LD_RUNPATH_SEARCH_PATHS = (
					"$(inherited)",
					"@executable_path/Frameworks",
				);
				MARKETING_VERSION = 1.2;
				PRODUCT_BUNDLE_IDENTIFIER = kr.hs.dgsw.babjom.app;
				PRODUCT_NAME = "$(TARGET_NAME)";
				PROVISIONING_PROFILE_SPECIFIER = "";
				SWIFT_VERSION = 5.0;
				TARGETED_DEVICE_FAMILY = "1,2";
			};
			name = Release;
		};
/* End XCBuildConfiguration section */

/* Begin XCConfigurationList section */
		62BE849625695D9600E5422F /* Build configuration list for PBXProject "schoolmeal" */ = {
			isa = XCConfigurationList;
			buildConfigurations = (
				62BE84B025695D9600E5422F /* Debug */,
				62BE84B125695D9600E5422F /* Release */,
			);
			defaultConfigurationIsVisible = 0;
			defaultConfigurationName = Release;
		};
		62BE84B225695D9600E5422F /* Build configuration list for PBXNativeTarget "schoolmeal" */ = {
			isa = XCConfigurationList;
			buildConfigurations = (
				62BE84B325695D9600E5422F /* Debug */,
				62BE84B425695D9600E5422F /* Release */,
			);
			defaultConfigurationIsVisible = 0;
			defaultConfigurationName = Release;
		};
/* End XCConfigurationList section */

/* Begin XCVersionGroup section */
		62BE84A725695D9600E5422F /* schoolmeal.xcdatamodeld */ = {
			isa = XCVersionGroup;
			children = (
				62BE84A825695D9600E5422F /* schoolmeal.xcdatamodel */,
			);
			currentVersion = 62BE84A825695D9600E5422F /* schoolmeal.xcdatamodel */;
			path = schoolmeal.xcdatamodeld;
			sourceTree = "<group>";
			versionGroupType = wrapper.xcdatamodel;
		};
/* End XCVersionGroup section */
	};
	rootObject = 62BE849325695D9600E5422F /* Project object */;
}
